// !$*UTF8*$!
{
	archiveVersion = 1;
	classes = {
	};
	objectVersion = 54;
	objects = {

/* Begin PBXBuildFile section */
		13B07FBC1A68108700A75B9A /* AppDelegate.mm in Sources */ = {isa = PBXBuildFile; fileRef = 13B07FB01A68108700A75B9A /* AppDelegate.mm */; };
		13B07FBF1A68108700A75B9A /* Images.xcassets in Resources */ = {isa = PBXBuildFile; fileRef = 13B07FB51A68108700A75B9A /* Images.xcassets */; };
		13B07FC11A68108700A75B9A /* main.m in Sources */ = {isa = PBXBuildFile; fileRef = 13B07FB71A68108700A75B9A /* main.m */; };
		3BD020CE555C44C7BCBE2A90 /* noop-file.swift in Sources */ = {isa = PBXBuildFile; fileRef = 8C3C93EEC71441AF9BC4314D /* noop-file.swift */; };
		3E461D99554A48A4959DE609 /* SplashScreen.storyboard in Resources */ = {isa = PBXBuildFile; fileRef = AA286B85B6C04FC6940260E9 /* SplashScreen.storyboard */; };
		96905EF65AED1B983A6B3ABC /* libPods-gigfortv2.a in Frameworks */ = {isa = PBXBuildFile; fileRef = 58EEBF8E8E6FB1BC6CAF49B5 /* libPods-gigfortv2.a */; };
		A971D9112C8837DB003126CF /* GoogleMapsPrivacy.bundle in Resources */ = {isa = PBXBuildFile; fileRef = A971D8D82C8837DB003126CF /* GoogleMapsPrivacy.bundle */; };
		A971D9122C8837DB003126CF /* AIRDummyView.m in Sources */ = {isa = PBXBuildFile; fileRef = A971D8DB2C8837DB003126CF /* AIRDummyView.m */; };
		A971D9132C8837DB003126CF /* AIRGMSMarker.m in Sources */ = {isa = PBXBuildFile; fileRef = A971D8DD2C8837DB003126CF /* AIRGMSMarker.m */; };
		A971D9142C8837DB003126CF /* AIRGMSPolygon.m in Sources */ = {isa = PBXBuildFile; fileRef = A971D8DF2C8837DB003126CF /* AIRGMSPolygon.m */; };
		A971D9152C8837DB003126CF /* AIRGMSPolyline.m in Sources */ = {isa = PBXBuildFile; fileRef = A971D8E12C8837DB003126CF /* AIRGMSPolyline.m */; };
		A971D9162C8837DB003126CF /* AIRGoogleMap.m in Sources */ = {isa = PBXBuildFile; fileRef = A971D8E32C8837DB003126CF /* AIRGoogleMap.m */; };
		A971D9172C8837DB003126CF /* AIRGoogleMapCallout.m in Sources */ = {isa = PBXBuildFile; fileRef = A971D8E52C8837DB003126CF /* AIRGoogleMapCallout.m */; };
		A971D9182C8837DB003126CF /* AIRGoogleMapCalloutManager.m in Sources */ = {isa = PBXBuildFile; fileRef = A971D8E72C8837DB003126CF /* AIRGoogleMapCalloutManager.m */; };
		A971D9192C8837DB003126CF /* AIRGoogleMapCalloutSubview.m in Sources */ = {isa = PBXBuildFile; fileRef = A971D8E92C8837DB003126CF /* AIRGoogleMapCalloutSubview.m */; };
		A971D91A2C8837DB003126CF /* AIRGoogleMapCalloutSubviewManager.m in Sources */ = {isa = PBXBuildFile; fileRef = A971D8EB2C8837DB003126CF /* AIRGoogleMapCalloutSubviewManager.m */; };
		A971D91B2C8837DB003126CF /* AIRGoogleMapCircle.m in Sources */ = {isa = PBXBuildFile; fileRef = A971D8ED2C8837DB003126CF /* AIRGoogleMapCircle.m */; };
		A971D91C2C8837DB003126CF /* AIRGoogleMapCircleManager.m in Sources */ = {isa = PBXBuildFile; fileRef = A971D8EF2C8837DB003126CF /* AIRGoogleMapCircleManager.m */; };
		A971D91D2C8837DB003126CF /* AIRGoogleMapHeatmap.m in Sources */ = {isa = PBXBuildFile; fileRef = A971D8F12C8837DB003126CF /* AIRGoogleMapHeatmap.m */; };
		A971D91E2C8837DB003126CF /* AIRGoogleMapHeatmapManager.m in Sources */ = {isa = PBXBuildFile; fileRef = A971D8F32C8837DB003126CF /* AIRGoogleMapHeatmapManager.m */; };
		A971D91F2C8837DB003126CF /* AIRGoogleMapManager.m in Sources */ = {isa = PBXBuildFile; fileRef = A971D8F52C8837DB003126CF /* AIRGoogleMapManager.m */; };
		A971D9202C8837DB003126CF /* AIRGoogleMapMarker.m in Sources */ = {isa = PBXBuildFile; fileRef = A971D8F72C8837DB003126CF /* AIRGoogleMapMarker.m */; };
		A971D9212C8837DB003126CF /* AIRGoogleMapMarkerManager.m in Sources */ = {isa = PBXBuildFile; fileRef = A971D8F92C8837DB003126CF /* AIRGoogleMapMarkerManager.m */; };
		A971D9222C8837DB003126CF /* AIRGoogleMapOverlay.m in Sources */ = {isa = PBXBuildFile; fileRef = A971D8FB2C8837DB003126CF /* AIRGoogleMapOverlay.m */; };
		A971D9232C8837DB003126CF /* AIRGoogleMapOverlayManager.m in Sources */ = {isa = PBXBuildFile; fileRef = A971D8FD2C8837DB003126CF /* AIRGoogleMapOverlayManager.m */; };
		A971D9242C8837DB003126CF /* AIRGoogleMapPolygon.m in Sources */ = {isa = PBXBuildFile; fileRef = A971D8FF2C8837DB003126CF /* AIRGoogleMapPolygon.m */; };
		A971D9252C8837DB003126CF /* AIRGoogleMapPolygonManager.m in Sources */ = {isa = PBXBuildFile; fileRef = A971D9012C8837DB003126CF /* AIRGoogleMapPolygonManager.m */; };
		A971D9262C8837DB003126CF /* AIRGoogleMapPolyline.m in Sources */ = {isa = PBXBuildFile; fileRef = A971D9032C8837DB003126CF /* AIRGoogleMapPolyline.m */; };
		A971D9272C8837DB003126CF /* AIRGoogleMapPolylineManager.m in Sources */ = {isa = PBXBuildFile; fileRef = A971D9052C8837DB003126CF /* AIRGoogleMapPolylineManager.m */; };
		A971D9282C8837DB003126CF /* AIRGoogleMapUrlTile.m in Sources */ = {isa = PBXBuildFile; fileRef = A971D9072C8837DB003126CF /* AIRGoogleMapUrlTile.m */; };
		A971D9292C8837DB003126CF /* AIRGoogleMapURLTileManager.m in Sources */ = {isa = PBXBuildFile; fileRef = A971D9092C8837DB003126CF /* AIRGoogleMapURLTileManager.m */; };
		A971D92A2C8837DB003126CF /* AIRGoogleMapWMSTile.m in Sources */ = {isa = PBXBuildFile; fileRef = A971D90B2C8837DB003126CF /* AIRGoogleMapWMSTile.m */; };
		A971D92B2C8837DB003126CF /* AIRGoogleMapWMSTileManager.m in Sources */ = {isa = PBXBuildFile; fileRef = A971D90D2C8837DB003126CF /* AIRGoogleMapWMSTileManager.m */; };
		A971D92C2C8837DB003126CF /* RCTConvert+GMSMapViewType.m in Sources */ = {isa = PBXBuildFile; fileRef = A971D90F2C8837DB003126CF /* RCTConvert+GMSMapViewType.m */; };
		B18059E884C0ABDD17F3DC3D /* ExpoModulesProvider.swift in Sources */ = {isa = PBXBuildFile; fileRef = FAC715A2D49A985799AEE119 /* ExpoModulesProvider.swift */; };
		BB2F792D24A3F905000567C9 /* Expo.plist in Resources */ = {isa = PBXBuildFile; fileRef = BB2F792C24A3F905000567C9 /* Expo.plist */; };
		F2CD3ED186DE3009BCFD02D0 /* PrivacyInfo.xcprivacy in Resources */ = {isa = PBXBuildFile; fileRef = 4B10EA44F57C95E9EC06CA0A /* PrivacyInfo.xcprivacy */; };
/* End PBXBuildFile section */

/* Begin PBXFileReference section */
		13B07F961A680F5B00A75B9A /* gigfortv2.app */ = {isa = PBXFileReference; explicitFileType = wrapper.application; includeInIndex = 0; path = gigfortv2.app; sourceTree = BUILT_PRODUCTS_DIR; };
		13B07FAF1A68108700A75B9A /* AppDelegate.h */ = {isa = PBXFileReference; fileEncoding = 4; lastKnownFileType = sourcecode.c.h; name = AppDelegate.h; path = gigfortv2/AppDelegate.h; sourceTree = "<group>"; };
		13B07FB01A68108700A75B9A /* AppDelegate.mm */ = {isa = PBXFileReference; fileEncoding = 4; lastKnownFileType = sourcecode.cpp.objcpp; name = AppDelegate.mm; path = gigfortv2/AppDelegate.mm; sourceTree = "<group>"; };
		13B07FB51A68108700A75B9A /* Images.xcassets */ = {isa = PBXFileReference; lastKnownFileType = folder.assetcatalog; name = Images.xcassets; path = gigfortv2/Images.xcassets; sourceTree = "<group>"; };
		13B07FB61A68108700A75B9A /* Info.plist */ = {isa = PBXFileReference; fileEncoding = 4; lastKnownFileType = text.plist.xml; name = Info.plist; path = gigfortv2/Info.plist; sourceTree = "<group>"; };
		13B07FB71A68108700A75B9A /* main.m */ = {isa = PBXFileReference; fileEncoding = 4; lastKnownFileType = sourcecode.c.objc; name = main.m; path = gigfortv2/main.m; sourceTree = "<group>"; };
		4B10EA44F57C95E9EC06CA0A /* PrivacyInfo.xcprivacy */ = {isa = PBXFileReference; includeInIndex = 1; lastKnownFileType = text.xml; name = PrivacyInfo.xcprivacy; path = gigfortv2/PrivacyInfo.xcprivacy; sourceTree = "<group>"; };
		58EEBF8E8E6FB1BC6CAF49B5 /* libPods-gigfortv2.a */ = {isa = PBXFileReference; explicitFileType = archive.ar; includeInIndex = 0; path = "libPods-gigfortv2.a"; sourceTree = BUILT_PRODUCTS_DIR; };
		6C2E3173556A471DD304B334 /* Pods-gigfortv2.debug.xcconfig */ = {isa = PBXFileReference; includeInIndex = 1; lastKnownFileType = text.xcconfig; name = "Pods-gigfortv2.debug.xcconfig"; path = "Target Support Files/Pods-gigfortv2/Pods-gigfortv2.debug.xcconfig"; sourceTree = "<group>"; };
		7A4D352CD337FB3A3BF06240 /* Pods-gigfortv2.release.xcconfig */ = {isa = PBXFileReference; includeInIndex = 1; lastKnownFileType = text.xcconfig; name = "Pods-gigfortv2.release.xcconfig"; path = "Target Support Files/Pods-gigfortv2/Pods-gigfortv2.release.xcconfig"; sourceTree = "<group>"; };
		8C3C93EEC71441AF9BC4314D /* noop-file.swift */ = {isa = PBXFileReference; explicitFileType = undefined; fileEncoding = 4; includeInIndex = 0; lastKnownFileType = sourcecode.swift; name = "noop-file.swift"; path = "gigfortv2/noop-file.swift"; sourceTree = "<group>"; };
		A971D8D82C8837DB003126CF /* GoogleMapsPrivacy.bundle */ = {isa = PBXFileReference; lastKnownFileType = "wrapper.plug-in"; path = GoogleMapsPrivacy.bundle; sourceTree = "<group>"; };
		A971D8DA2C8837DB003126CF /* AIRDummyView.h */ = {isa = PBXFileReference; fileEncoding = 4; lastKnownFileType = sourcecode.c.h; path = AIRDummyView.h; sourceTree = "<group>"; };
		A971D8DB2C8837DB003126CF /* AIRDummyView.m */ = {isa = PBXFileReference; fileEncoding = 4; lastKnownFileType = sourcecode.c.objc; path = AIRDummyView.m; sourceTree = "<group>"; };
		A971D8DC2C8837DB003126CF /* AIRGMSMarker.h */ = {isa = PBXFileReference; fileEncoding = 4; lastKnownFileType = sourcecode.c.h; path = AIRGMSMarker.h; sourceTree = "<group>"; };
		A971D8DD2C8837DB003126CF /* AIRGMSMarker.m */ = {isa = PBXFileReference; fileEncoding = 4; lastKnownFileType = sourcecode.c.objc; path = AIRGMSMarker.m; sourceTree = "<group>"; };
		A971D8DE2C8837DB003126CF /* AIRGMSPolygon.h */ = {isa = PBXFileReference; fileEncoding = 4; lastKnownFileType = sourcecode.c.h; path = AIRGMSPolygon.h; sourceTree = "<group>"; };
		A971D8DF2C8837DB003126CF /* AIRGMSPolygon.m */ = {isa = PBXFileReference; fileEncoding = 4; lastKnownFileType = sourcecode.c.objc; path = AIRGMSPolygon.m; sourceTree = "<group>"; };
		A971D8E02C8837DB003126CF /* AIRGMSPolyline.h */ = {isa = PBXFileReference; fileEncoding = 4; lastKnownFileType = sourcecode.c.h; path = AIRGMSPolyline.h; sourceTree = "<group>"; };
		A971D8E12C8837DB003126CF /* AIRGMSPolyline.m */ = {isa = PBXFileReference; fileEncoding = 4; lastKnownFileType = sourcecode.c.objc; path = AIRGMSPolyline.m; sourceTree = "<group>"; };
		A971D8E22C8837DB003126CF /* AIRGoogleMap.h */ = {isa = PBXFileReference; fileEncoding = 4; lastKnownFileType = sourcecode.c.h; path = AIRGoogleMap.h; sourceTree = "<group>"; };
		A971D8E32C8837DB003126CF /* AIRGoogleMap.m */ = {isa = PBXFileReference; fileEncoding = 4; lastKnownFileType = sourcecode.c.objc; path = AIRGoogleMap.m; sourceTree = "<group>"; };
		A971D8E42C8837DB003126CF /* AIRGoogleMapCallout.h */ = {isa = PBXFileReference; fileEncoding = 4; lastKnownFileType = sourcecode.c.h; path = AIRGoogleMapCallout.h; sourceTree = "<group>"; };
		A971D8E52C8837DB003126CF /* AIRGoogleMapCallout.m */ = {isa = PBXFileReference; fileEncoding = 4; lastKnownFileType = sourcecode.c.objc; path = AIRGoogleMapCallout.m; sourceTree = "<group>"; };
		A971D8E62C8837DB003126CF /* AIRGoogleMapCalloutManager.h */ = {isa = PBXFileReference; fileEncoding = 4; lastKnownFileType = sourcecode.c.h; path = AIRGoogleMapCalloutManager.h; sourceTree = "<group>"; };
		A971D8E72C8837DB003126CF /* AIRGoogleMapCalloutManager.m */ = {isa = PBXFileReference; fileEncoding = 4; lastKnownFileType = sourcecode.c.objc; path = AIRGoogleMapCalloutManager.m; sourceTree = "<group>"; };
		A971D8E82C8837DB003126CF /* AIRGoogleMapCalloutSubview.h */ = {isa = PBXFileReference; fileEncoding = 4; lastKnownFileType = sourcecode.c.h; path = AIRGoogleMapCalloutSubview.h; sourceTree = "<group>"; };
		A971D8E92C8837DB003126CF /* AIRGoogleMapCalloutSubview.m */ = {isa = PBXFileReference; fileEncoding = 4; lastKnownFileType = sourcecode.c.objc; path = AIRGoogleMapCalloutSubview.m; sourceTree = "<group>"; };
		A971D8EA2C8837DB003126CF /* AIRGoogleMapCalloutSubviewManager.h */ = {isa = PBXFileReference; fileEncoding = 4; lastKnownFileType = sourcecode.c.h; path = AIRGoogleMapCalloutSubviewManager.h; sourceTree = "<group>"; };
		A971D8EB2C8837DB003126CF /* AIRGoogleMapCalloutSubviewManager.m */ = {isa = PBXFileReference; fileEncoding = 4; lastKnownFileType = sourcecode.c.objc; path = AIRGoogleMapCalloutSubviewManager.m; sourceTree = "<group>"; };
		A971D8EC2C8837DB003126CF /* AIRGoogleMapCircle.h */ = {isa = PBXFileReference; fileEncoding = 4; lastKnownFileType = sourcecode.c.h; path = AIRGoogleMapCircle.h; sourceTree = "<group>"; };
		A971D8ED2C8837DB003126CF /* AIRGoogleMapCircle.m */ = {isa = PBXFileReference; fileEncoding = 4; lastKnownFileType = sourcecode.c.objc; path = AIRGoogleMapCircle.m; sourceTree = "<group>"; };
		A971D8EE2C8837DB003126CF /* AIRGoogleMapCircleManager.h */ = {isa = PBXFileReference; fileEncoding = 4; lastKnownFileType = sourcecode.c.h; path = AIRGoogleMapCircleManager.h; sourceTree = "<group>"; };
		A971D8EF2C8837DB003126CF /* AIRGoogleMapCircleManager.m */ = {isa = PBXFileReference; fileEncoding = 4; lastKnownFileType = sourcecode.c.objc; path = AIRGoogleMapCircleManager.m; sourceTree = "<group>"; };
		A971D8F02C8837DB003126CF /* AIRGoogleMapHeatmap.h */ = {isa = PBXFileReference; fileEncoding = 4; lastKnownFileType = sourcecode.c.h; path = AIRGoogleMapHeatmap.h; sourceTree = "<group>"; };
		A971D8F12C8837DB003126CF /* AIRGoogleMapHeatmap.m */ = {isa = PBXFileReference; fileEncoding = 4; lastKnownFileType = sourcecode.c.objc; path = AIRGoogleMapHeatmap.m; sourceTree = "<group>"; };
		A971D8F22C8837DB003126CF /* AIRGoogleMapHeatmapManager.h */ = {isa = PBXFileReference; fileEncoding = 4; lastKnownFileType = sourcecode.c.h; path = AIRGoogleMapHeatmapManager.h; sourceTree = "<group>"; };
		A971D8F32C8837DB003126CF /* AIRGoogleMapHeatmapManager.m */ = {isa = PBXFileReference; fileEncoding = 4; lastKnownFileType = sourcecode.c.objc; path = AIRGoogleMapHeatmapManager.m; sourceTree = "<group>"; };
		A971D8F42C8837DB003126CF /* AIRGoogleMapManager.h */ = {isa = PBXFileReference; fileEncoding = 4; lastKnownFileType = sourcecode.c.h; path = AIRGoogleMapManager.h; sourceTree = "<group>"; };
		A971D8F52C8837DB003126CF /* AIRGoogleMapManager.m */ = {isa = PBXFileReference; fileEncoding = 4; lastKnownFileType = sourcecode.c.objc; path = AIRGoogleMapManager.m; sourceTree = "<group>"; };
		A971D8F62C8837DB003126CF /* AIRGoogleMapMarker.h */ = {isa = PBXFileReference; fileEncoding = 4; lastKnownFileType = sourcecode.c.h; path = AIRGoogleMapMarker.h; sourceTree = "<group>"; };
		A971D8F72C8837DB003126CF /* AIRGoogleMapMarker.m */ = {isa = PBXFileReference; fileEncoding = 4; lastKnownFileType = sourcecode.c.objc; path = AIRGoogleMapMarker.m; sourceTree = "<group>"; };
		A971D8F82C8837DB003126CF /* AIRGoogleMapMarkerManager.h */ = {isa = PBXFileReference; fileEncoding = 4; lastKnownFileType = sourcecode.c.h; path = AIRGoogleMapMarkerManager.h; sourceTree = "<group>"; };
		A971D8F92C8837DB003126CF /* AIRGoogleMapMarkerManager.m */ = {isa = PBXFileReference; fileEncoding = 4; lastKnownFileType = sourcecode.c.objc; path = AIRGoogleMapMarkerManager.m; sourceTree = "<group>"; };
		A971D8FA2C8837DB003126CF /* AIRGoogleMapOverlay.h */ = {isa = PBXFileReference; fileEncoding = 4; lastKnownFileType = sourcecode.c.h; path = AIRGoogleMapOverlay.h; sourceTree = "<group>"; };
		A971D8FB2C8837DB003126CF /* AIRGoogleMapOverlay.m */ = {isa = PBXFileReference; fileEncoding = 4; lastKnownFileType = sourcecode.c.objc; path = AIRGoogleMapOverlay.m; sourceTree = "<group>"; };
		A971D8FC2C8837DB003126CF /* AIRGoogleMapOverlayManager.h */ = {isa = PBXFileReference; fileEncoding = 4; lastKnownFileType = sourcecode.c.h; path = AIRGoogleMapOverlayManager.h; sourceTree = "<group>"; };
		A971D8FD2C8837DB003126CF /* AIRGoogleMapOverlayManager.m */ = {isa = PBXFileReference; fileEncoding = 4; lastKnownFileType = sourcecode.c.objc; path = AIRGoogleMapOverlayManager.m; sourceTree = "<group>"; };
		A971D8FE2C8837DB003126CF /* AIRGoogleMapPolygon.h */ = {isa = PBXFileReference; fileEncoding = 4; lastKnownFileType = sourcecode.c.h; path = AIRGoogleMapPolygon.h; sourceTree = "<group>"; };
		A971D8FF2C8837DB003126CF /* AIRGoogleMapPolygon.m */ = {isa = PBXFileReference; fileEncoding = 4; lastKnownFileType = sourcecode.c.objc; path = AIRGoogleMapPolygon.m; sourceTree = "<group>"; };
		A971D9002C8837DB003126CF /* AIRGoogleMapPolygonManager.h */ = {isa = PBXFileReference; fileEncoding = 4; lastKnownFileType = sourcecode.c.h; path = AIRGoogleMapPolygonManager.h; sourceTree = "<group>"; };
		A971D9012C8837DB003126CF /* AIRGoogleMapPolygonManager.m */ = {isa = PBXFileReference; fileEncoding = 4; lastKnownFileType = sourcecode.c.objc; path = AIRGoogleMapPolygonManager.m; sourceTree = "<group>"; };
		A971D9022C8837DB003126CF /* AIRGoogleMapPolyline.h */ = {isa = PBXFileReference; fileEncoding = 4; lastKnownFileType = sourcecode.c.h; path = AIRGoogleMapPolyline.h; sourceTree = "<group>"; };
		A971D9032C8837DB003126CF /* AIRGoogleMapPolyline.m */ = {isa = PBXFileReference; fileEncoding = 4; lastKnownFileType = sourcecode.c.objc; path = AIRGoogleMapPolyline.m; sourceTree = "<group>"; };
		A971D9042C8837DB003126CF /* AIRGoogleMapPolylineManager.h */ = {isa = PBXFileReference; fileEncoding = 4; lastKnownFileType = sourcecode.c.h; path = AIRGoogleMapPolylineManager.h; sourceTree = "<group>"; };
		A971D9052C8837DB003126CF /* AIRGoogleMapPolylineManager.m */ = {isa = PBXFileReference; fileEncoding = 4; lastKnownFileType = sourcecode.c.objc; path = AIRGoogleMapPolylineManager.m; sourceTree = "<group>"; };
		A971D9062C8837DB003126CF /* AIRGoogleMapUrlTile.h */ = {isa = PBXFileReference; fileEncoding = 4; lastKnownFileType = sourcecode.c.h; path = AIRGoogleMapUrlTile.h; sourceTree = "<group>"; };
		A971D9072C8837DB003126CF /* AIRGoogleMapUrlTile.m */ = {isa = PBXFileReference; fileEncoding = 4; lastKnownFileType = sourcecode.c.objc; path = AIRGoogleMapUrlTile.m; sourceTree = "<group>"; };
		A971D9082C8837DB003126CF /* AIRGoogleMapUrlTileManager.h */ = {isa = PBXFileReference; fileEncoding = 4; lastKnownFileType = sourcecode.c.h; path = AIRGoogleMapUrlTileManager.h; sourceTree = "<group>"; };
		A971D9092C8837DB003126CF /* AIRGoogleMapURLTileManager.m */ = {isa = PBXFileReference; fileEncoding = 4; lastKnownFileType = sourcecode.c.objc; path = AIRGoogleMapURLTileManager.m; sourceTree = "<group>"; };
		A971D90A2C8837DB003126CF /* AIRGoogleMapWMSTile.h */ = {isa = PBXFileReference; fileEncoding = 4; lastKnownFileType = sourcecode.c.h; path = AIRGoogleMapWMSTile.h; sourceTree = "<group>"; };
		A971D90B2C8837DB003126CF /* AIRGoogleMapWMSTile.m */ = {isa = PBXFileReference; fileEncoding = 4; lastKnownFileType = sourcecode.c.objc; path = AIRGoogleMapWMSTile.m; sourceTree = "<group>"; };
		A971D90C2C8837DB003126CF /* AIRGoogleMapWMSTileManager.h */ = {isa = PBXFileReference; fileEncoding = 4; lastKnownFileType = sourcecode.c.h; path = AIRGoogleMapWMSTileManager.h; sourceTree = "<group>"; };
		A971D90D2C8837DB003126CF /* AIRGoogleMapWMSTileManager.m */ = {isa = PBXFileReference; fileEncoding = 4; lastKnownFileType = sourcecode.c.objc; path = AIRGoogleMapWMSTileManager.m; sourceTree = "<group>"; };
		A971D90E2C8837DB003126CF /* RCTConvert+GMSMapViewType.h */ = {isa = PBXFileReference; fileEncoding = 4; lastKnownFileType = sourcecode.c.h; path = "RCTConvert+GMSMapViewType.h"; sourceTree = "<group>"; };
		A971D90F2C8837DB003126CF /* RCTConvert+GMSMapViewType.m */ = {isa = PBXFileReference; fileEncoding = 4; lastKnownFileType = sourcecode.c.objc; path = "RCTConvert+GMSMapViewType.m"; sourceTree = "<group>"; };
		AA286B85B6C04FC6940260E9 /* SplashScreen.storyboard */ = {isa = PBXFileReference; fileEncoding = 4; lastKnownFileType = file.storyboard; name = SplashScreen.storyboard; path = gigfortv2/SplashScreen.storyboard; sourceTree = "<group>"; };
		BB2F792C24A3F905000567C9 /* Expo.plist */ = {isa = PBXFileReference; fileEncoding = 4; lastKnownFileType = text.plist.xml; path = Expo.plist; sourceTree = "<group>"; };
		ED297162215061F000B7C4FE /* JavaScriptCore.framework */ = {isa = PBXFileReference; lastKnownFileType = wrapper.framework; name = JavaScriptCore.framework; path = System/Library/Frameworks/JavaScriptCore.framework; sourceTree = SDKROOT; };
		FAC715A2D49A985799AEE119 /* ExpoModulesProvider.swift */ = {isa = PBXFileReference; includeInIndex = 1; lastKnownFileType = sourcecode.swift; name = ExpoModulesProvider.swift; path = "Pods/Target Support Files/Pods-gigfortv2/ExpoModulesProvider.swift"; sourceTree = "<group>"; };
		FDD177E5028D4A7485A0E7A2 /* gigfortv2-Bridging-Header.h */ = {isa = PBXFileReference; explicitFileType = undefined; fileEncoding = 4; includeInIndex = 0; lastKnownFileType = sourcecode.c.h; name = "gigfortv2-Bridging-Header.h"; path = "gigfortv2/gigfortv2-Bridging-Header.h"; sourceTree = "<group>"; };
/* End PBXFileReference section */

/* Begin PBXFrameworksBuildPhase section */
		13B07F8C1A680F5B00A75B9A /* Frameworks */ = {
			isa = PBXFrameworksBuildPhase;
			buildActionMask = 2147483647;
			files = (
				96905EF65AED1B983A6B3ABC /* libPods-gigfortv2.a in Frameworks */,
			);
			runOnlyForDeploymentPostprocessing = 0;
		};
/* End PBXFrameworksBuildPhase section */

/* Begin PBXGroup section */
		13B07FAE1A68108700A75B9A /* gigfortv2 */ = {
			isa = PBXGroup;
			children = (
				BB2F792B24A3F905000567C9 /* Supporting */,
				13B07FAF1A68108700A75B9A /* AppDelegate.h */,
				13B07FB01A68108700A75B9A /* AppDelegate.mm */,
				13B07FB51A68108700A75B9A /* Images.xcassets */,
				13B07FB61A68108700A75B9A /* Info.plist */,
				13B07FB71A68108700A75B9A /* main.m */,
				AA286B85B6C04FC6940260E9 /* SplashScreen.storyboard */,
				8C3C93EEC71441AF9BC4314D /* noop-file.swift */,
				FDD177E5028D4A7485A0E7A2 /* gigfortv2-Bridging-Header.h */,
				4B10EA44F57C95E9EC06CA0A /* PrivacyInfo.xcprivacy */,
			);
			name = gigfortv2;
			sourceTree = "<group>";
		};
		2D16E6871FA4F8E400B85C8A /* Frameworks */ = {
			isa = PBXGroup;
			children = (
				ED297162215061F000B7C4FE /* JavaScriptCore.framework */,
				58EEBF8E8E6FB1BC6CAF49B5 /* libPods-gigfortv2.a */,
			);
			name = Frameworks;
			sourceTree = "<group>";
		};
		832341AE1AAA6A7D00B99B32 /* Libraries */ = {
			isa = PBXGroup;
			children = (
			);
			name = Libraries;
			sourceTree = "<group>";
		};
		83CBB9F61A601CBA00E9B192 = {
			isa = PBXGroup;
			children = (
				A971D9102C8837DB003126CF /* AirGoogleMaps */,
				13B07FAE1A68108700A75B9A /* gigfortv2 */,
				832341AE1AAA6A7D00B99B32 /* Libraries */,
				83CBBA001A601CBA00E9B192 /* Products */,
				2D16E6871FA4F8E400B85C8A /* Frameworks */,
				D65327D7A22EEC0BE12398D9 /* Pods */,
				D7E4C46ADA2E9064B798F356 /* ExpoModulesProviders */,
			);
			indentWidth = 2;
			sourceTree = "<group>";
			tabWidth = 2;
			usesTabs = 0;
		};
		83CBBA001A601CBA00E9B192 /* Products */ = {
			isa = PBXGroup;
			children = (
				13B07F961A680F5B00A75B9A /* gigfortv2.app */,
			);
			name = Products;
			sourceTree = "<group>";
		};
		92DBD88DE9BF7D494EA9DA96 /* gigfortv2 */ = {
			isa = PBXGroup;
			children = (
				FAC715A2D49A985799AEE119 /* ExpoModulesProvider.swift */,
			);
			name = gigfortv2;
			sourceTree = "<group>";
		};
		A971D8D92C8837DB003126CF /* Resources */ = {
			isa = PBXGroup;
			children = (
				A971D8D82C8837DB003126CF /* GoogleMapsPrivacy.bundle */,
			);
			path = Resources;
			sourceTree = "<group>";
		};
		A971D9102C8837DB003126CF /* AirGoogleMaps */ = {
			isa = PBXGroup;
			children = (
				A971D8D92C8837DB003126CF /* Resources */,
				A971D8DA2C8837DB003126CF /* AIRDummyView.h */,
				A971D8DB2C8837DB003126CF /* AIRDummyView.m */,
				A971D8DC2C8837DB003126CF /* AIRGMSMarker.h */,
				A971D8DD2C8837DB003126CF /* AIRGMSMarker.m */,
				A971D8DE2C8837DB003126CF /* AIRGMSPolygon.h */,
				A971D8DF2C8837DB003126CF /* AIRGMSPolygon.m */,
				A971D8E02C8837DB003126CF /* AIRGMSPolyline.h */,
				A971D8E12C8837DB003126CF /* AIRGMSPolyline.m */,
				A971D8E22C8837DB003126CF /* AIRGoogleMap.h */,
				A971D8E32C8837DB003126CF /* AIRGoogleMap.m */,
				A971D8E42C8837DB003126CF /* AIRGoogleMapCallout.h */,
				A971D8E52C8837DB003126CF /* AIRGoogleMapCallout.m */,
				A971D8E62C8837DB003126CF /* AIRGoogleMapCalloutManager.h */,
				A971D8E72C8837DB003126CF /* AIRGoogleMapCalloutManager.m */,
				A971D8E82C8837DB003126CF /* AIRGoogleMapCalloutSubview.h */,
				A971D8E92C8837DB003126CF /* AIRGoogleMapCalloutSubview.m */,
				A971D8EA2C8837DB003126CF /* AIRGoogleMapCalloutSubviewManager.h */,
				A971D8EB2C8837DB003126CF /* AIRGoogleMapCalloutSubviewManager.m */,
				A971D8EC2C8837DB003126CF /* AIRGoogleMapCircle.h */,
				A971D8ED2C8837DB003126CF /* AIRGoogleMapCircle.m */,
				A971D8EE2C8837DB003126CF /* AIRGoogleMapCircleManager.h */,
				A971D8EF2C8837DB003126CF /* AIRGoogleMapCircleManager.m */,
				A971D8F02C8837DB003126CF /* AIRGoogleMapHeatmap.h */,
				A971D8F12C8837DB003126CF /* AIRGoogleMapHeatmap.m */,
				A971D8F22C8837DB003126CF /* AIRGoogleMapHeatmapManager.h */,
				A971D8F32C8837DB003126CF /* AIRGoogleMapHeatmapManager.m */,
				A971D8F42C8837DB003126CF /* AIRGoogleMapManager.h */,
				A971D8F52C8837DB003126CF /* AIRGoogleMapManager.m */,
				A971D8F62C8837DB003126CF /* AIRGoogleMapMarker.h */,
				A971D8F72C8837DB003126CF /* AIRGoogleMapMarker.m */,
				A971D8F82C8837DB003126CF /* AIRGoogleMapMarkerManager.h */,
				A971D8F92C8837DB003126CF /* AIRGoogleMapMarkerManager.m */,
				A971D8FA2C8837DB003126CF /* AIRGoogleMapOverlay.h */,
				A971D8FB2C8837DB003126CF /* AIRGoogleMapOverlay.m */,
				A971D8FC2C8837DB003126CF /* AIRGoogleMapOverlayManager.h */,
				A971D8FD2C8837DB003126CF /* AIRGoogleMapOverlayManager.m */,
				A971D8FE2C8837DB003126CF /* AIRGoogleMapPolygon.h */,
				A971D8FF2C8837DB003126CF /* AIRGoogleMapPolygon.m */,
				A971D9002C8837DB003126CF /* AIRGoogleMapPolygonManager.h */,
				A971D9012C8837DB003126CF /* AIRGoogleMapPolygonManager.m */,
				A971D9022C8837DB003126CF /* AIRGoogleMapPolyline.h */,
				A971D9032C8837DB003126CF /* AIRGoogleMapPolyline.m */,
				A971D9042C8837DB003126CF /* AIRGoogleMapPolylineManager.h */,
				A971D9052C8837DB003126CF /* AIRGoogleMapPolylineManager.m */,
				A971D9062C8837DB003126CF /* AIRGoogleMapUrlTile.h */,
				A971D9072C8837DB003126CF /* AIRGoogleMapUrlTile.m */,
				A971D9082C8837DB003126CF /* AIRGoogleMapUrlTileManager.h */,
				A971D9092C8837DB003126CF /* AIRGoogleMapURLTileManager.m */,
				A971D90A2C8837DB003126CF /* AIRGoogleMapWMSTile.h */,
				A971D90B2C8837DB003126CF /* AIRGoogleMapWMSTile.m */,
				A971D90C2C8837DB003126CF /* AIRGoogleMapWMSTileManager.h */,
				A971D90D2C8837DB003126CF /* AIRGoogleMapWMSTileManager.m */,
				A971D90E2C8837DB003126CF /* RCTConvert+GMSMapViewType.h */,
				A971D90F2C8837DB003126CF /* RCTConvert+GMSMapViewType.m */,
			);
			name = AirGoogleMaps;
			path = "../node_modules/react-native-maps/ios/AirGoogleMaps";
			sourceTree = "<group>";
		};
		BB2F792B24A3F905000567C9 /* Supporting */ = {
			isa = PBXGroup;
			children = (
				BB2F792C24A3F905000567C9 /* Expo.plist */,
			);
			name = Supporting;
			path = gigfortv2/Supporting;
			sourceTree = "<group>";
		};
		D65327D7A22EEC0BE12398D9 /* Pods */ = {
			isa = PBXGroup;
			children = (
				6C2E3173556A471DD304B334 /* Pods-gigfortv2.debug.xcconfig */,
				7A4D352CD337FB3A3BF06240 /* Pods-gigfortv2.release.xcconfig */,
			);
			path = Pods;
			sourceTree = "<group>";
		};
		D7E4C46ADA2E9064B798F356 /* ExpoModulesProviders */ = {
			isa = PBXGroup;
			children = (
				92DBD88DE9BF7D494EA9DA96 /* gigfortv2 */,
			);
			name = ExpoModulesProviders;
			sourceTree = "<group>";
		};
/* End PBXGroup section */

/* Begin PBXNativeTarget section */
		13B07F861A680F5B00A75B9A /* gigfortv2 */ = {
			isa = PBXNativeTarget;
			buildConfigurationList = 13B07F931A680F5B00A75B9A /* Build configuration list for PBXNativeTarget "gigfortv2" */;
			buildPhases = (
				08A4A3CD28434E44B6B9DE2E /* [CP] Check Pods Manifest.lock */,
				6970B27A85F6EFC101A9A177 /* [Expo] Configure project */,
				13B07F871A680F5B00A75B9A /* Sources */,
				13B07F8C1A680F5B00A75B9A /* Frameworks */,
				13B07F8E1A680F5B00A75B9A /* Resources */,
				00DD1BFF1BD5951E006B06BC /* Bundle React Native code and images */,
				800E24972A6A228C8D4807E9 /* [CP] Copy Pods Resources */,
				7C448543BA89B30C5C07CE4E /* [CP] Embed Pods Frameworks */,
			);
			buildRules = (
			);
			dependencies = (
			);
			name = gigfortv2;
			productName = gigfortv2;
			productReference = 13B07F961A680F5B00A75B9A /* gigfortv2.app */;
			productType = "com.apple.product-type.application";
		};
/* End PBXNativeTarget section */

/* Begin PBXProject section */
		83CBB9F71A601CBA00E9B192 /* Project object */ = {
			isa = PBXProject;
			attributes = {
				LastUpgradeCheck = 1130;
				TargetAttributes = {
					13B07F861A680F5B00A75B9A = {
						LastSwiftMigration = 1250;
					};
				};
			};
			buildConfigurationList = 83CBB9FA1A601CBA00E9B192 /* Build configuration list for PBXProject "gigfortv2" */;
			compatibilityVersion = "Xcode 3.2";
			developmentRegion = en;
			hasScannedForEncodings = 0;
			knownRegions = (
				en,
				Base,
			);
			mainGroup = 83CBB9F61A601CBA00E9B192;
			productRefGroup = 83CBBA001A601CBA00E9B192 /* Products */;
			projectDirPath = "";
			projectRoot = "";
			targets = (
				13B07F861A680F5B00A75B9A /* gigfortv2 */,
			);
		};
/* End PBXProject section */

/* Begin PBXResourcesBuildPhase section */
		13B07F8E1A680F5B00A75B9A /* Resources */ = {
			isa = PBXResourcesBuildPhase;
			buildActionMask = 2147483647;
			files = (
				A971D9112C8837DB003126CF /* GoogleMapsPrivacy.bundle in Resources */,
				BB2F792D24A3F905000567C9 /* Expo.plist in Resources */,
				13B07FBF1A68108700A75B9A /* Images.xcassets in Resources */,
				3E461D99554A48A4959DE609 /* SplashScreen.storyboard in Resources */,
				F2CD3ED186DE3009BCFD02D0 /* PrivacyInfo.xcprivacy in Resources */,
			);
			runOnlyForDeploymentPostprocessing = 0;
		};
/* End PBXResourcesBuildPhase section */

/* Begin PBXShellScriptBuildPhase section */
		00DD1BFF1BD5951E006B06BC /* Bundle React Native code and images */ = {
			isa = PBXShellScriptBuildPhase;
			alwaysOutOfDate = 1;
			buildActionMask = 2147483647;
			files = (
			);
			inputPaths = (
			);
			name = "Bundle React Native code and images";
			outputPaths = (
			);
			runOnlyForDeploymentPostprocessing = 0;
			shellPath = /bin/sh;
			shellScript = "if [[ -f \"$PODS_ROOT/../.xcode.env\" ]]; then\n  source \"$PODS_ROOT/../.xcode.env\"\nfi\nif [[ -f \"$PODS_ROOT/../.xcode.env.local\" ]]; then\n  source \"$PODS_ROOT/../.xcode.env.local\"\nfi\n\n# The project root by default is one level up from the ios directory\nexport PROJECT_ROOT=\"$PROJECT_DIR\"/..\n\nif [[ \"$CONFIGURATION\" = *Debug* ]]; then\n  export SKIP_BUNDLING=1\nfi\nif [[ -z \"$ENTRY_FILE\" ]]; then\n  # Set the entry JS file using the bundler's entry resolution.\n  export ENTRY_FILE=\"$(\"$NODE_BINARY\" -e \"require('expo/scripts/resolveAppEntry')\" \"$PROJECT_ROOT\" ios absolute | tail -n 1)\"\nfi\n\nif [[ -z \"$CLI_PATH\" ]]; then\n  # Use Expo CLI\n  export CLI_PATH=\"$(\"$NODE_BINARY\" --print \"require.resolve('@expo/cli', { paths: [require.resolve('expo/package.json')] })\")\"\nfi\nif [[ -z \"$BUNDLE_COMMAND\" ]]; then\n  # Default Expo CLI command for bundling\n  export BUNDLE_COMMAND=\"export:embed\"\nfi\n\n# Source .xcode.env.updates if it exists to allow\n# SKIP_BUNDLING to be unset if needed\nif [[ -f \"$PODS_ROOT/../.xcode.env.updates\" ]]; then\n  source \"$PODS_ROOT/../.xcode.env.updates\"\nfi\n# Source local changes to allow overrides\n# if needed\nif [[ -f \"$PODS_ROOT/../.xcode.env.local\" ]]; then\n  source \"$PODS_ROOT/../.xcode.env.local\"\nfi\n\n`\"$NODE_BINARY\" --print \"require('path').dirname(require.resolve('react-native/package.json')) + '/scripts/react-native-xcode.sh'\"`\n\n";
		};
		08A4A3CD28434E44B6B9DE2E /* [CP] Check Pods Manifest.lock */ = {
			isa = PBXShellScriptBuildPhase;
			buildActionMask = 2147483647;
			files = (
			);
			inputFileListPaths = (
			);
			inputPaths = (
				"${PODS_PODFILE_DIR_PATH}/Podfile.lock",
				"${PODS_ROOT}/Manifest.lock",
			);
			name = "[CP] Check Pods Manifest.lock";
			outputFileListPaths = (
			);
			outputPaths = (
				"$(DERIVED_FILE_DIR)/Pods-gigfortv2-checkManifestLockResult.txt",
			);
			runOnlyForDeploymentPostprocessing = 0;
			shellPath = /bin/sh;
			shellScript = "diff \"${PODS_PODFILE_DIR_PATH}/Podfile.lock\" \"${PODS_ROOT}/Manifest.lock\" > /dev/null\nif [ $? != 0 ] ; then\n    # print error to STDERR\n    echo \"error: The sandbox is not in sync with the Podfile.lock. Run 'pod install' or update your CocoaPods installation.\" >&2\n    exit 1\nfi\n# This output is used by Xcode 'outputs' to avoid re-running this script phase.\necho \"SUCCESS\" > \"${SCRIPT_OUTPUT_FILE_0}\"\n";
			showEnvVarsInLog = 0;
		};
		6970B27A85F6EFC101A9A177 /* [Expo] Configure project */ = {
			isa = PBXShellScriptBuildPhase;
			alwaysOutOfDate = 1;
			buildActionMask = 2147483647;
			files = (
			);
			inputFileListPaths = (
			);
			inputPaths = (
			);
			name = "[Expo] Configure project";
			outputFileListPaths = (
			);
			outputPaths = (
			);
			runOnlyForDeploymentPostprocessing = 0;
			shellPath = /bin/sh;
			shellScript = "# This script configures Expo modules and generates the modules provider file.\nbash -l -c \"./Pods/Target\\ Support\\ Files/Pods-gigfortv2/expo-configure-project.sh\"\n";
		};
		7C448543BA89B30C5C07CE4E /* [CP] Embed Pods Frameworks */ = {
			isa = PBXShellScriptBuildPhase;
			buildActionMask = 2147483647;
			files = (
			);
			inputPaths = (
				"${PODS_ROOT}/Target Support Files/Pods-gigfortv2/Pods-gigfortv2-frameworks.sh",
				"${PODS_XCFRAMEWORKS_BUILD_DIR}/hermes-engine/Pre-built/hermes.framework/hermes",
			);
			name = "[CP] Embed Pods Frameworks";
			outputPaths = (
				"${TARGET_BUILD_DIR}/${FRAMEWORKS_FOLDER_PATH}/hermes.framework",
			);
			runOnlyForDeploymentPostprocessing = 0;
			shellPath = /bin/sh;
			shellScript = "\"${PODS_ROOT}/Target Support Files/Pods-gigfortv2/Pods-gigfortv2-frameworks.sh\"\n";
			showEnvVarsInLog = 0;
		};
		800E24972A6A228C8D4807E9 /* [CP] Copy Pods Resources */ = {
			isa = PBXShellScriptBuildPhase;
			buildActionMask = 2147483647;
			files = (
			);
			inputPaths = (
				"${PODS_ROOT}/Target Support Files/Pods-gigfortv2/Pods-gigfortv2-resources.sh",
				"${PODS_CONFIGURATION_BUILD_DIR}/EXApplication/ExpoApplication_privacy.bundle",
				"${PODS_CONFIGURATION_BUILD_DIR}/EXConstants/EXConstants.bundle",
				"${PODS_CONFIGURATION_BUILD_DIR}/EXConstants/ExpoConstants_privacy.bundle",
				"${PODS_CONFIGURATION_BUILD_DIR}/EXNotifications/ExpoNotifications_privacy.bundle",
				"${PODS_CONFIGURATION_BUILD_DIR}/ExpoDevice/ExpoDevice_privacy.bundle",
				"${PODS_CONFIGURATION_BUILD_DIR}/ExpoFileSystem/ExpoFileSystem_privacy.bundle",
				"${PODS_ROOT}/GoogleMaps/Maps/Frameworks/GoogleMaps.xcframework/ios-arm64/GoogleMaps.framework/Resources/GoogleMaps.bundle",
				"${PODS_ROOT}/GoogleMaps/Maps/Frameworks/GoogleMaps.xcframework/ios-arm64_x86_64-simulator/GoogleMaps.framework/Resources/GoogleMaps.bundle",
				"${PODS_CONFIGURATION_BUILD_DIR}/React-Core/RCTI18nStrings.bundle",
				"${PODS_CONFIGURATION_BUILD_DIR}/expo-dev-launcher/EXDevLauncher.bundle",
				"${PODS_CONFIGURATION_BUILD_DIR}/expo-dev-menu/EXDevMenu.bundle",
				"${PODS_CONFIGURATION_BUILD_DIR}/react-native-maps/ReactNativeMapsPrivacy.bundle",
			);
			name = "[CP] Copy Pods Resources";
			outputPaths = (
				"${TARGET_BUILD_DIR}/${UNLOCALIZED_RESOURCES_FOLDER_PATH}/ExpoApplication_privacy.bundle",
				"${TARGET_BUILD_DIR}/${UNLOCALIZED_RESOURCES_FOLDER_PATH}/EXConstants.bundle",
				"${TARGET_BUILD_DIR}/${UNLOCALIZED_RESOURCES_FOLDER_PATH}/ExpoConstants_privacy.bundle",
				"${TARGET_BUILD_DIR}/${UNLOCALIZED_RESOURCES_FOLDER_PATH}/ExpoNotifications_privacy.bundle",
				"${TARGET_BUILD_DIR}/${UNLOCALIZED_RESOURCES_FOLDER_PATH}/ExpoDevice_privacy.bundle",
				"${TARGET_BUILD_DIR}/${UNLOCALIZED_RESOURCES_FOLDER_PATH}/ExpoFileSystem_privacy.bundle",
				"${TARGET_BUILD_DIR}/${UNLOCALIZED_RESOURCES_FOLDER_PATH}/GoogleMaps.bundle",
				"${TARGET_BUILD_DIR}/${UNLOCALIZED_RESOURCES_FOLDER_PATH}/RCTI18nStrings.bundle",
				"${TARGET_BUILD_DIR}/${UNLOCALIZED_RESOURCES_FOLDER_PATH}/EXDevLauncher.bundle",
				"${TARGET_BUILD_DIR}/${UNLOCALIZED_RESOURCES_FOLDER_PATH}/EXDevMenu.bundle",
				"${TARGET_BUILD_DIR}/${UNLOCALIZED_RESOURCES_FOLDER_PATH}/ReactNativeMapsPrivacy.bundle",
			);
			runOnlyForDeploymentPostprocessing = 0;
			shellPath = /bin/sh;
			shellScript = "\"${PODS_ROOT}/Target Support Files/Pods-gigfortv2/Pods-gigfortv2-resources.sh\"\n";
			showEnvVarsInLog = 0;
		};
/* End PBXShellScriptBuildPhase section */

/* Begin PBXSourcesBuildPhase section */
		13B07F871A680F5B00A75B9A /* Sources */ = {
			isa = PBXSourcesBuildPhase;
			buildActionMask = 2147483647;
			files = (
				A971D9222C8837DB003126CF /* AIRGoogleMapOverlay.m in Sources */,
				A971D91A2C8837DB003126CF /* AIRGoogleMapCalloutSubviewManager.m in Sources */,
				A971D91E2C8837DB003126CF /* AIRGoogleMapHeatmapManager.m in Sources */,
				A971D91C2C8837DB003126CF /* AIRGoogleMapCircleManager.m in Sources */,
				A971D9122C8837DB003126CF /* AIRDummyView.m in Sources */,
				13B07FBC1A68108700A75B9A /* AppDelegate.mm in Sources */,
				A971D9152C8837DB003126CF /* AIRGMSPolyline.m in Sources */,
				A971D9212C8837DB003126CF /* AIRGoogleMapMarkerManager.m in Sources */,
				A971D9272C8837DB003126CF /* AIRGoogleMapPolylineManager.m in Sources */,
				A971D9202C8837DB003126CF /* AIRGoogleMapMarker.m in Sources */,
				A971D9252C8837DB003126CF /* AIRGoogleMapPolygonManager.m in Sources */,
				A971D9172C8837DB003126CF /* AIRGoogleMapCallout.m in Sources */,
				A971D9162C8837DB003126CF /* AIRGoogleMap.m in Sources */,
				A971D91F2C8837DB003126CF /* AIRGoogleMapManager.m in Sources */,
				A971D91D2C8837DB003126CF /* AIRGoogleMapHeatmap.m in Sources */,
				A971D9132C8837DB003126CF /* AIRGMSMarker.m in Sources */,
				13B07FC11A68108700A75B9A /* main.m in Sources */,
				A971D9232C8837DB003126CF /* AIRGoogleMapOverlayManager.m in Sources */,
				A971D92B2C8837DB003126CF /* AIRGoogleMapWMSTileManager.m in Sources */,
				A971D91B2C8837DB003126CF /* AIRGoogleMapCircle.m in Sources */,
				A971D9262C8837DB003126CF /* AIRGoogleMapPolyline.m in Sources */,
				A971D92A2C8837DB003126CF /* AIRGoogleMapWMSTile.m in Sources */,
				A971D9282C8837DB003126CF /* AIRGoogleMapUrlTile.m in Sources */,
				A971D9142C8837DB003126CF /* AIRGMSPolygon.m in Sources */,
				A971D9292C8837DB003126CF /* AIRGoogleMapURLTileManager.m in Sources */,
				B18059E884C0ABDD17F3DC3D /* ExpoModulesProvider.swift in Sources */,
				A971D92C2C8837DB003126CF /* RCTConvert+GMSMapViewType.m in Sources */,
				A971D9182C8837DB003126CF /* AIRGoogleMapCalloutManager.m in Sources */,
				3BD020CE555C44C7BCBE2A90 /* noop-file.swift in Sources */,
				A971D9192C8837DB003126CF /* AIRGoogleMapCalloutSubview.m in Sources */,
				A971D9242C8837DB003126CF /* AIRGoogleMapPolygon.m in Sources */,
			);
			runOnlyForDeploymentPostprocessing = 0;
		};
/* End PBXSourcesBuildPhase section */

/* Begin XCBuildConfiguration section */
		13B07F941A680F5B00A75B9A /* Debug */ = {
			isa = XCBuildConfiguration;
			baseConfigurationReference = 6C2E3173556A471DD304B334 /* Pods-gigfortv2.debug.xcconfig */;
			buildSettings = {
				ASSETCATALOG_COMPILER_APPICON_NAME = AppIcon;
				CLANG_ENABLE_MODULES = YES;
				CODE_SIGN_ENTITLEMENTS = gigfortv2/gigfortv2.entitlements;
				CURRENT_PROJECT_VERSION = 1;
				ENABLE_BITCODE = NO;
				GCC_PREPROCESSOR_DEFINITIONS = (
					"$(inherited)",
					"FB_SONARKIT_ENABLED=1",
					"HAVE_GOOGLE_MAPS=1",
				);
				INFOPLIST_FILE = gigfortv2/Info.plist;
				IPHONEOS_DEPLOYMENT_TARGET = 13.4;
				LD_RUNPATH_SEARCH_PATHS = (
					"$(inherited)",
					"@executable_path/Frameworks",
				);
				MARKETING_VERSION = 1.0;
				OTHER_LDFLAGS = (
					"$(inherited)",
					"-ObjC",
					"-lc++",
				);
				OTHER_SWIFT_FLAGS = "$(inherited) -D EXPO_CONFIGURATION_DEBUG";
				PRODUCT_BUNDLE_IDENTIFIER = com.joshsimon.gigfortv2;
				PRODUCT_NAME = gigfortv2;
				SWIFT_OBJC_BRIDGING_HEADER = "gigfortv2/gigfortv2-Bridging-Header.h";
				SWIFT_OPTIMIZATION_LEVEL = "-Onone";
				SWIFT_VERSION = 5.0;
				TARGETED_DEVICE_FAMILY = "1,2";
				VERSIONING_SYSTEM = "apple-generic";
			};
			name = Debug;
		};
		13B07F951A680F5B00A75B9A /* Release */ = {
			isa = XCBuildConfiguration;
			baseConfigurationReference = 7A4D352CD337FB3A3BF06240 /* Pods-gigfortv2.release.xcconfig */;
			buildSettings = {
				ASSETCATALOG_COMPILER_APPICON_NAME = AppIcon;
				CLANG_ENABLE_MODULES = YES;
				CODE_SIGN_ENTITLEMENTS = gigfortv2/gigfortv2.entitlements;
				CURRENT_PROJECT_VERSION = 1;
				GCC_PREPROCESSOR_DEFINITIONS = (
					"$(inherited)",
					"COCOAPODS=1",
					"HAVE_GOOGLE_MAPS=1",
				);
				INFOPLIST_FILE = gigfortv2/Info.plist;
				IPHONEOS_DEPLOYMENT_TARGET = 13.4;
				LD_RUNPATH_SEARCH_PATHS = (
					"$(inherited)",
					"@executable_path/Frameworks",
				);
				MARKETING_VERSION = 1.0;
				OTHER_LDFLAGS = (
					"$(inherited)",
					"-ObjC",
					"-lc++",
				);
				OTHER_SWIFT_FLAGS = "$(inherited) -D EXPO_CONFIGURATION_RELEASE";
				PRODUCT_BUNDLE_IDENTIFIER = com.joshsimon.gigfortv2;
				PRODUCT_NAME = gigfortv2;
				SWIFT_OBJC_BRIDGING_HEADER = "gigfortv2/gigfortv2-Bridging-Header.h";
				SWIFT_VERSION = 5.0;
				TARGETED_DEVICE_FAMILY = "1,2";
				VERSIONING_SYSTEM = "apple-generic";
			};
			name = Release;
		};
		83CBBA201A601CBA00E9B192 /* Debug */ = {
			isa = XCBuildConfiguration;
			buildSettings = {
				ALWAYS_SEARCH_USER_PATHS = NO;
				CC = "";
				CLANG_ANALYZER_LOCALIZABILITY_NONLOCALIZED = YES;
				CLANG_CXX_LANGUAGE_STANDARD = "c++20";
				CLANG_CXX_LIBRARY = "libc++";
				CLANG_ENABLE_MODULES = YES;
				CLANG_ENABLE_OBJC_ARC = YES;
				CLANG_WARN_BLOCK_CAPTURE_AUTORELEASING = YES;
				CLANG_WARN_BOOL_CONVERSION = YES;
				CLANG_WARN_COMMA = YES;
				CLANG_WARN_CONSTANT_CONVERSION = YES;
				CLANG_WARN_DEPRECATED_OBJC_IMPLEMENTATIONS = YES;
				CLANG_WARN_DIRECT_OBJC_ISA_USAGE = YES_ERROR;
				CLANG_WARN_EMPTY_BODY = YES;
				CLANG_WARN_ENUM_CONVERSION = YES;
				CLANG_WARN_INFINITE_RECURSION = YES;
				CLANG_WARN_INT_CONVERSION = YES;
				CLANG_WARN_NON_LITERAL_NULL_CONVERSION = YES;
				CLANG_WARN_OBJC_IMPLICIT_RETAIN_SELF = YES;
				CLANG_WARN_OBJC_LITERAL_CONVERSION = YES;
				CLANG_WARN_OBJC_ROOT_CLASS = YES_ERROR;
				CLANG_WARN_RANGE_LOOP_ANALYSIS = YES;
				CLANG_WARN_STRICT_PROTOTYPES = YES;
				CLANG_WARN_SUSPICIOUS_MOVE = YES;
				CLANG_WARN_UNREACHABLE_CODE = YES;
				CLANG_WARN__DUPLICATE_METHOD_MATCH = YES;
				"CODE_SIGN_IDENTITY[sdk=iphoneos*]" = "iPhone Developer";
				COPY_PHASE_STRIP = NO;
				CXX = "";
				ENABLE_STRICT_OBJC_MSGSEND = YES;
				ENABLE_TESTABILITY = YES;
				GCC_C_LANGUAGE_STANDARD = gnu99;
				GCC_DYNAMIC_NO_PIC = NO;
				GCC_NO_COMMON_BLOCKS = YES;
				GCC_OPTIMIZATION_LEVEL = 0;
				GCC_PREPROCESSOR_DEFINITIONS = (
					"DEBUG=1",
					"$(inherited)",
				);
				GCC_SYMBOLS_PRIVATE_EXTERN = NO;
				GCC_WARN_64_TO_32_BIT_CONVERSION = YES;
				GCC_WARN_ABOUT_RETURN_TYPE = YES_ERROR;
				GCC_WARN_UNDECLARED_SELECTOR = YES;
				GCC_WARN_UNINITIALIZED_AUTOS = YES_AGGRESSIVE;
				GCC_WARN_UNUSED_FUNCTION = YES;
				GCC_WARN_UNUSED_VARIABLE = YES;
				IPHONEOS_DEPLOYMENT_TARGET = 13.4;
				LD = "";
				LDPLUSPLUS = "";
				LD_RUNPATH_SEARCH_PATHS = (
					/usr/lib/swift,
					"$(inherited)",
				);
				LIBRARY_SEARCH_PATHS = "$(SDKROOT)/usr/lib/swift\"$(inherited)\"";
				MTL_ENABLE_DEBUG_INFO = YES;
				ONLY_ACTIVE_ARCH = YES;
				OTHER_LDFLAGS = "$(inherited)  ";
				REACT_NATIVE_PATH = "${PODS_ROOT}/../../node_modules/react-native";
				SDKROOT = iphoneos;
				USE_HERMES = true;
			};
			name = Debug;
		};
		83CBBA211A601CBA00E9B192 /* Release */ = {
			isa = XCBuildConfiguration;
			buildSettings = {
				ALWAYS_SEARCH_USER_PATHS = NO;
				CC = "";
				CLANG_ANALYZER_LOCALIZABILITY_NONLOCALIZED = YES;
				CLANG_CXX_LANGUAGE_STANDARD = "c++20";
				CLANG_CXX_LIBRARY = "libc++";
				CLANG_ENABLE_MODULES = YES;
				CLANG_ENABLE_OBJC_ARC = YES;
				CLANG_WARN_BLOCK_CAPTURE_AUTORELEASING = YES;
				CLANG_WARN_BOOL_CONVERSION = YES;
				CLANG_WARN_COMMA = YES;
				CLANG_WARN_CONSTANT_CONVERSION = YES;
				CLANG_WARN_DEPRECATED_OBJC_IMPLEMENTATIONS = YES;
				CLANG_WARN_DIRECT_OBJC_ISA_USAGE = YES_ERROR;
				CLANG_WARN_EMPTY_BODY = YES;
				CLANG_WARN_ENUM_CONVERSION = YES;
				CLANG_WARN_INFINITE_RECURSION = YES;
				CLANG_WARN_INT_CONVERSION = YES;
				CLANG_WARN_NON_LITERAL_NULL_CONVERSION = YES;
				CLANG_WARN_OBJC_IMPLICIT_RETAIN_SELF = YES;
				CLANG_WARN_OBJC_LITERAL_CONVERSION = YES;
				CLANG_WARN_OBJC_ROOT_CLASS = YES_ERROR;
				CLANG_WARN_RANGE_LOOP_ANALYSIS = YES;
				CLANG_WARN_STRICT_PROTOTYPES = YES;
				CLANG_WARN_SUSPICIOUS_MOVE = YES;
				CLANG_WARN_UNREACHABLE_CODE = YES;
				CLANG_WARN__DUPLICATE_METHOD_MATCH = YES;
				"CODE_SIGN_IDENTITY[sdk=iphoneos*]" = "iPhone Developer";
				COPY_PHASE_STRIP = YES;
				CXX = "";
				ENABLE_NS_ASSERTIONS = NO;
				ENABLE_STRICT_OBJC_MSGSEND = YES;
				GCC_C_LANGUAGE_STANDARD = gnu99;
				GCC_NO_COMMON_BLOCKS = YES;
				GCC_WARN_64_TO_32_BIT_CONVERSION = YES;
				GCC_WARN_ABOUT_RETURN_TYPE = YES_ERROR;
				GCC_WARN_UNDECLARED_SELECTOR = YES;
				GCC_WARN_UNINITIALIZED_AUTOS = YES_AGGRESSIVE;
				GCC_WARN_UNUSED_FUNCTION = YES;
				GCC_WARN_UNUSED_VARIABLE = YES;
				IPHONEOS_DEPLOYMENT_TARGET = 13.4;
				LD = "";
				LDPLUSPLUS = "";
				LD_RUNPATH_SEARCH_PATHS = (
					/usr/lib/swift,
					"$(inherited)",
				);
				LIBRARY_SEARCH_PATHS = "$(SDKROOT)/usr/lib/swift\"$(inherited)\"";
				MTL_ENABLE_DEBUG_INFO = NO;
				OTHER_LDFLAGS = "$(inherited)  ";
				REACT_NATIVE_PATH = "${PODS_ROOT}/../../node_modules/react-native";
				SDKROOT = iphoneos;
				USE_HERMES = true;
				VALIDATE_PRODUCT = YES;
			};
			name = Release;
		};
/* End XCBuildConfiguration section */

/* Begin XCConfigurationList section */
		13B07F931A680F5B00A75B9A /* Build configuration list for PBXNativeTarget "gigfortv2" */ = {
			isa = XCConfigurationList;
			buildConfigurations = (
				13B07F941A680F5B00A75B9A /* Debug */,
				13B07F951A680F5B00A75B9A /* Release */,
			);
			defaultConfigurationIsVisible = 0;
			defaultConfigurationName = Release;
		};
		83CBB9FA1A601CBA00E9B192 /* Build configuration list for PBXProject "gigfortv2" */ = {
			isa = XCConfigurationList;
			buildConfigurations = (
				83CBBA201A601CBA00E9B192 /* Debug */,
				83CBBA211A601CBA00E9B192 /* Release */,
			);
			defaultConfigurationIsVisible = 0;
			defaultConfigurationName = Release;
		};
/* End XCConfigurationList section */
	};
	rootObject = 83CBB9F71A601CBA00E9B192 /* Project object */;
}
